
Microsoft Visual Studio Solution File, Format Version 12.00
# Visual Studio Version 17
VisualStudioVersion = 17.2.32505.173
MinimumVisualStudioVersion = 10.0.40219.1
Project("{2150E333-8FDC-42A3-9474-1A3956D46DE8}") = "01 - Testes de Unidade", "01 - Testes de Unidade", "{C4901832-2759-4522-A412-193267553CA1}"
EndProject
Project("{2150E333-8FDC-42A3-9474-1A3956D46DE8}") = "1.1 - Testes Basicos", "1.1 - Testes Basicos", "{2263BCAC-84BA-4344-B11A-F5D3DB3D5361}"
EndProject
Project("{9A19103F-16F7-4668-BE54-9A1E7A4F7556}") = "Demo", "01 - Testes de Unidade\Demo\Demo\Demo.csproj", "{BC87637A-60B9-46A8-9E83-C34606206246}"
EndProject
Project("{9A19103F-16F7-4668-BE54-9A1E7A4F7556}") = "Demo.Tests", "01 - Testes de Unidade\Demo.Tests\Demo.Tests.csproj", "{87CEF190-C7DC-480E-B95C-E37EE939A5F6}"
EndProject
Project("{2150E333-8FDC-42A3-9474-1A3956D46DE8}") = "02 - TDD", "02 - TDD", "{403D16A8-A67A-4E8E-A9F6-55477EB9323D}"
EndProject
Project("{2150E333-8FDC-42A3-9474-1A3956D46DE8}") = "Tests", "Tests", "{115CE064-7C46-47A3-8456-B5FBDF562CB8}"
EndProject
Project("{2150E333-8FDC-42A3-9474-1A3956D46DE8}") = "2.2 - Features", "2.2 - Features", "{68DD4020-AA35-4067-B0A3-6F36D4A5E604}"
EndProject
Project("{9A19103F-16F7-4668-BE54-9A1E7A4F7556}") = "Features", "01 - Testes de Unidade\Features\Features.csproj", "{93D65478-ED5A-4865-8E2E-2FC95592D2BC}"
EndProject
Project("{9A19103F-16F7-4668-BE54-9A1E7A4F7556}") = "Features.Tests", "01 - Testes de Unidade\Features.Tests\Features.Tests.csproj", "{24E5D0A9-3145-4028-85AE-7C87A4025032}"
EndProject
Project("{9A19103F-16F7-4668-BE54-9A1E7A4F7556}") = "NerdStore.Vendas.Application.Tests", "02 - TDD\tests\NerdStore.Vendas.Application.Tests\NerdStore.Vendas.Application.Tests.csproj", "{F456EEB1-5EC1-4C80-A769-3180E69A0950}"
EndProject
Project("{9A19103F-16F7-4668-BE54-9A1E7A4F7556}") = "NerdStore.Vendas.Domain.Tests", "02 - TDD\tests\NerdStore.Vendas.Domain.Tests\NerdStore.Vendas.Domain.Tests.csproj", "{E6BDB882-C078-419A-8D5A-0D0909A781EE}"
EndProject
Project("{9A19103F-16F7-4668-BE54-9A1E7A4F7556}") = "NerdStore.Vendas.Domain", "02 - TDD\src\NerdStore.Vendas.Domain\NerdStore.Vendas.Domain.csproj", "{53E0C54F-DBE7-47AB-93A4-018BAD361D55}"
EndProject
Project("{9A19103F-16F7-4668-BE54-9A1E7A4F7556}") = "NerdStore.Core", "02 - TDD\src\NerdStore.Core\NerdStore.Core.csproj", "{A640A978-3586-4E50-AC46-CE604418597C}"
EndProject
Project("{FAE04EC0-301F-11D3-BF4B-00C04F79EFBC}") = "NerdStore.Vendas.Application", "02 - TDD\src\NerdStore.Vendas.Application\NerdStore.Vendas.Application.csproj", "{9B9EA48A-CF6E-48D2-90A0-629878E73757}"
EndProject
Project("{FAE04EC0-301F-11D3-BF4B-00C04F79EFBC}") = "NerdStore.Vendas.Data", "02 - TDD\src\NerdStore.Vendas.Data\NerdStore.Vendas.Data.csproj", "{9FE19B9F-389F-49E9-8D11-15342631BF8B}"
EndProject
Global
	GlobalSection(SolutionConfigurationPlatforms) = preSolution
		Debug|Any CPU = Debug|Any CPU
		Release|Any CPU = Release|Any CPU
	EndGlobalSection
	GlobalSection(ProjectConfigurationPlatforms) = postSolution
		{BC87637A-60B9-46A8-9E83-C34606206246}.Debug|Any CPU.ActiveCfg = Debug|Any CPU
		{BC87637A-60B9-46A8-9E83-C34606206246}.Debug|Any CPU.Build.0 = Debug|Any CPU
		{BC87637A-60B9-46A8-9E83-C34606206246}.Release|Any CPU.ActiveCfg = Release|Any CPU
		{BC87637A-60B9-46A8-9E83-C34606206246}.Release|Any CPU.Build.0 = Release|Any CPU
		{87CEF190-C7DC-480E-B95C-E37EE939A5F6}.Debug|Any CPU.ActiveCfg = Debug|Any CPU
		{87CEF190-C7DC-480E-B95C-E37EE939A5F6}.Debug|Any CPU.Build.0 = Debug|Any CPU
		{87CEF190-C7DC-480E-B95C-E37EE939A5F6}.Release|Any CPU.ActiveCfg = Release|Any CPU
		{87CEF190-C7DC-480E-B95C-E37EE939A5F6}.Release|Any CPU.Build.0 = Release|Any CPU
		{93D65478-ED5A-4865-8E2E-2FC95592D2BC}.Debug|Any CPU.ActiveCfg = Debug|Any CPU
		{93D65478-ED5A-4865-8E2E-2FC95592D2BC}.Debug|Any CPU.Build.0 = Debug|Any CPU
		{93D65478-ED5A-4865-8E2E-2FC95592D2BC}.Release|Any CPU.ActiveCfg = Release|Any CPU
		{93D65478-ED5A-4865-8E2E-2FC95592D2BC}.Release|Any CPU.Build.0 = Release|Any CPU
		{24E5D0A9-3145-4028-85AE-7C87A4025032}.Debug|Any CPU.ActiveCfg = Debug|Any CPU
		{24E5D0A9-3145-4028-85AE-7C87A4025032}.Debug|Any CPU.Build.0 = Debug|Any CPU
		{24E5D0A9-3145-4028-85AE-7C87A4025032}.Release|Any CPU.ActiveCfg = Release|Any CPU
		{24E5D0A9-3145-4028-85AE-7C87A4025032}.Release|Any CPU.Build.0 = Release|Any CPU
		{F456EEB1-5EC1-4C80-A769-3180E69A0950}.Debug|Any CPU.ActiveCfg = Debug|Any CPU
		{F456EEB1-5EC1-4C80-A769-3180E69A0950}.Debug|Any CPU.Build.0 = Debug|Any CPU
		{F456EEB1-5EC1-4C80-A769-3180E69A0950}.Release|Any CPU.ActiveCfg = Release|Any CPU
		{F456EEB1-5EC1-4C80-A769-3180E69A0950}.Release|Any CPU.Build.0 = Release|Any CPU
		{E6BDB882-C078-419A-8D5A-0D0909A781EE}.Debug|Any CPU.ActiveCfg = Debug|Any CPU
		{E6BDB882-C078-419A-8D5A-0D0909A781EE}.Debug|Any CPU.Build.0 = Debug|Any CPU
		{E6BDB882-C078-419A-8D5A-0D0909A781EE}.Release|Any CPU.ActiveCfg = Release|Any CPU
		{E6BDB882-C078-419A-8D5A-0D0909A781EE}.Release|Any CPU.Build.0 = Release|Any CPU
		{53E0C54F-DBE7-47AB-93A4-018BAD361D55}.Debug|Any CPU.ActiveCfg = Debug|Any CPU
		{53E0C54F-DBE7-47AB-93A4-018BAD361D55}.Debug|Any CPU.Build.0 = Debug|Any CPU
		{53E0C54F-DBE7-47AB-93A4-018BAD361D55}.Release|Any CPU.ActiveCfg = Release|Any CPU
		{53E0C54F-DBE7-47AB-93A4-018BAD361D55}.Release|Any CPU.Build.0 = Release|Any CPU
		{A640A978-3586-4E50-AC46-CE604418597C}.Debug|Any CPU.ActiveCfg = Debug|Any CPU
		{A640A978-3586-4E50-AC46-CE604418597C}.Debug|Any CPU.Build.0 = Debug|Any CPU
		{A640A978-3586-4E50-AC46-CE604418597C}.Release|Any CPU.ActiveCfg = Release|Any CPU
		{A640A978-3586-4E50-AC46-CE604418597C}.Release|Any CPU.Build.0 = Release|Any CPU
		{9B9EA48A-CF6E-48D2-90A0-629878E73757}.Debug|Any CPU.ActiveCfg = Debug|Any CPU
		{9B9EA48A-CF6E-48D2-90A0-629878E73757}.Debug|Any CPU.Build.0 = Debug|Any CPU
		{9B9EA48A-CF6E-48D2-90A0-629878E73757}.Release|Any CPU.ActiveCfg = Release|Any CPU
		{9B9EA48A-CF6E-48D2-90A0-629878E73757}.Release|Any CPU.Build.0 = Release|Any CPU
		{9FE19B9F-389F-49E9-8D11-15342631BF8B}.Debug|Any CPU.ActiveCfg = Debug|Any CPU
		{9FE19B9F-389F-49E9-8D11-15342631BF8B}.Debug|Any CPU.Build.0 = Debug|Any CPU
		{9FE19B9F-389F-49E9-8D11-15342631BF8B}.Release|Any CPU.ActiveCfg = Release|Any CPU
		{9FE19B9F-389F-49E9-8D11-15342631BF8B}.Release|Any CPU.Build.0 = Release|Any CPU
	EndGlobalSection
	GlobalSection(SolutionProperties) = preSolution
		HideSolutionNode = FALSE
	EndGlobalSection
	GlobalSection(NestedProjects) = preSolution
		{2263BCAC-84BA-4344-B11A-F5D3DB3D5361} = {C4901832-2759-4522-A412-193267553CA1}
		{BC87637A-60B9-46A8-9E83-C34606206246} = {2263BCAC-84BA-4344-B11A-F5D3DB3D5361}
		{87CEF190-C7DC-480E-B95C-E37EE939A5F6} = {2263BCAC-84BA-4344-B11A-F5D3DB3D5361}
		{115CE064-7C46-47A3-8456-B5FBDF562CB8} = {403D16A8-A67A-4E8E-A9F6-55477EB9323D}
		{68DD4020-AA35-4067-B0A3-6F36D4A5E604} = {C4901832-2759-4522-A412-193267553CA1}
		{93D65478-ED5A-4865-8E2E-2FC95592D2BC} = {68DD4020-AA35-4067-B0A3-6F36D4A5E604}
		{24E5D0A9-3145-4028-85AE-7C87A4025032} = {68DD4020-AA35-4067-B0A3-6F36D4A5E604}
		{F456EEB1-5EC1-4C80-A769-3180E69A0950} = {115CE064-7C46-47A3-8456-B5FBDF562CB8}
		{E6BDB882-C078-419A-8D5A-0D0909A781EE} = {115CE064-7C46-47A3-8456-B5FBDF562CB8}
		{53E0C54F-DBE7-47AB-93A4-018BAD361D55} = {403D16A8-A67A-4E8E-A9F6-55477EB9323D}
		{A640A978-3586-4E50-AC46-CE604418597C} = {403D16A8-A67A-4E8E-A9F6-55477EB9323D}
		{9B9EA48A-CF6E-48D2-90A0-629878E73757} = {403D16A8-A67A-4E8E-A9F6-55477EB9323D}
		{9FE19B9F-389F-49E9-8D11-15342631BF8B} = {403D16A8-A67A-4E8E-A9F6-55477EB9323D}
	EndGlobalSection
	GlobalSection(ExtensibilityGlobals) = postSolution
		SolutionGuid = {50D2CB7F-35F1-4410-BD26-D2A4D27D02B0}
	EndGlobalSection
EndGlobal
